
Microsoft Visual Studio Solution File, Format Version 12.00
# Visual Studio Version 16
VisualStudioVersion = 16.0.29102.190
MinimumVisualStudioVersion = 10.0.40219.1
Project("{FAE04EC0-301F-11D3-BF4B-00C04F79EFBC}") = "Angeles", "Angeles\Angeles.csproj", "{392E6F33-8DE2-41DC-8B0D-15CB1154DC9A}"
EndProject
Project("{FAE04EC0-301F-11D3-BF4B-00C04F79EFBC}") = "BibliotecaAngeles", "BibliotecaAngeles\BibliotecaAngeles.csproj", "{59C6AD9A-9DA1-4102-B540-C531F5CBF80A}"
EndProject
Project("{FAE04EC0-301F-11D3-BF4B-00C04F79EFBC}") = "FachadaWPF", "FachadaWPF\FachadaWPF.csproj", "{42494A43-2F06-4DE3-994A-895A8977E6DD}"
EndProject
Global
	GlobalSection(SolutionConfigurationPlatforms) = preSolution
		Debug|Any CPU = Debug|Any CPU
		Release|Any CPU = Release|Any CPU
	EndGlobalSection
	GlobalSection(ProjectConfigurationPlatforms) = postSolution
		{392E6F33-8DE2-41DC-8B0D-15CB1154DC9A}.Debug|Any CPU.ActiveCfg = Debug|Any CPU
		{392E6F33-8DE2-41DC-8B0D-15CB1154DC9A}.Debug|Any CPU.Build.0 = Debug|Any CPU
		{392E6F33-8DE2-41DC-8B0D-15CB1154DC9A}.Release|Any CPU.ActiveCfg = Release|Any CPU
		{392E6F33-8DE2-41DC-8B0D-15CB1154DC9A}.Release|Any CPU.Build.0 = Release|Any CPU
		{59C6AD9A-9DA1-4102-B540-C531F5CBF80A}.Debug|Any CPU.ActiveCfg = Debug|Any CPU
		{59C6AD9A-9DA1-4102-B540-C531F5CBF80A}.Debug|Any CPU.Build.0 = Debug|Any CPU
		{59C6AD9A-9DA1-4102-B540-C531F5CBF80A}.Release|Any CPU.ActiveCfg = Release|Any CPU
		{59C6AD9A-9DA1-4102-B540-C531F5CBF80A}.Release|Any CPU.Build.0 = Release|Any CPU
		{42494A43-2F06-4DE3-994A-895A8977E6DD}.Debug|Any CPU.ActiveCfg = Debug|Any CPU
		{42494A43-2F06-4DE3-994A-895A8977E6DD}.Debug|Any CPU.Build.0 = Debug|Any CPU
		{42494A43-2F06-4DE3-994A-895A8977E6DD}.Release|Any CPU.ActiveCfg = Release|Any CPU
		{42494A43-2F06-4DE3-994A-895A8977E6DD}.Release|Any CPU.Build.0 = Release|Any CPU
	EndGlobalSection
	GlobalSection(SolutionProperties) = preSolution
		HideSolutionNode = FALSE
	EndGlobalSection
	GlobalSection(ExtensibilityGlobals) = postSolution
		SolutionGuid = {9895A5C8-81C6-4760-8B68-7B8917746B96}
	EndGlobalSection
EndGlobal
